<?xml version="1.0" encoding="utf-8"?>
<Project ToolsVersion="4.0" xmlns="http://schemas.microsoft.com/developer/msbuild/2003">
  <ItemGroup>
    <ClCompile Include="ClassA.cpp" />
    <ClCompile Include="ClassB.cpp" />
    <ClCompile Include="main.cpp" />
    <ClCompile Include="Serializer.cpp" />
  </ItemGroup>
  <ItemGroup>
    <ClInclude Include="ClassA.h" />
    <ClInclude Include="ClassB.h" />
    <ClInclude Include="Serializer.h" />
  </ItemGroup>
</Project>