
Microsoft Visual Studio Solution File, Format Version 12.00
# Visual Studio 15
VisualStudioVersion = 15.0.28307.1062
MinimumVisualStudioVersion = 10.0.40219.1
Project("{8BC9CEB8-8B4A-11D0-8D11-00A0C91BC942}") = "learn1", "learn1\learn1.vcxproj", "{58CD3DDC-0C9A-4562-9415-D656A46507C1}"
EndProject
Global
	GlobalSection(SolutionConfigurationPlatforms) = preSolution
		Debug|x64 = Debug|x64
		Debug|x86 = Debug|x86
		Release|x64 = Release|x64
		Release|x86 = Release|x86
	EndGlobalSection
	GlobalSection(ProjectConfigurationPlatforms) = postSolution
		{58CD3DDC-0C9A-4562-9415-D656A46507C1}.Debug|x64.ActiveCfg = Debug|x64
		{58CD3DDC-0C9A-4562-9415-D656A46507C1}.Debug|x64.Build.0 = Debug|x64
		{58CD3DDC-0C9A-4562-9415-D656A46507C1}.Debug|x86.ActiveCfg = Debug|Win32
		{58CD3DDC-0C9A-4562-9415-D656A46507C1}.Debug|x86.Build.0 = Debug|Win32
		{58CD3DDC-0C9A-4562-9415-D656A46507C1}.Release|x64.ActiveCfg = Release|x64
		{58CD3DDC-0C9A-4562-9415-D656A46507C1}.Release|x64.Build.0 = Release|x64
		{58CD3DDC-0C9A-4562-9415-D656A46507C1}.Release|x86.ActiveCfg = Release|Win32
		{58CD3DDC-0C9A-4562-9415-D656A46507C1}.Release|x86.Build.0 = Release|Win32
	EndGlobalSection
	GlobalSection(SolutionProperties) = preSolution
		HideSolutionNode = FALSE
	EndGlobalSection
	GlobalSection(ExtensibilityGlobals) = postSolution
		SolutionGuid = {7838B55B-6282-4F5E-993E-E0CCC722B12A}
	EndGlobalSection
EndGlobal
