
Microsoft Visual Studio Solution File, Format Version 12.00
# Visual Studio 15
VisualStudioVersion = 15.0.28307.1062
MinimumVisualStudioVersion = 10.0.40219.1
Project("{8BC9CEB8-8B4A-11D0-8D11-00A0C91BC942}") = "EXP1version3", "EXP1version3\EXP1version3.vcxproj", "{74C908B9-6C2E-42E4-9C38-CC81EBB89150}"
EndProject
Global
	GlobalSection(SolutionConfigurationPlatforms) = preSolution
		Debug|ARM = Debug|ARM
		Debug|ARM64 = Debug|ARM64
		Debug|x64 = Debug|x64
		Debug|x86 = Debug|x86
		Release|ARM = Release|ARM
		Release|ARM64 = Release|ARM64
		Release|x64 = Release|x64
		Release|x86 = Release|x86
	EndGlobalSection
	GlobalSection(ProjectConfigurationPlatforms) = postSolution
		{74C908B9-6C2E-42E4-9C38-CC81EBB89150}.Debug|ARM.ActiveCfg = Debug|ARM
		{74C908B9-6C2E-42E4-9C38-CC81EBB89150}.Debug|ARM.Build.0 = Debug|ARM
		{74C908B9-6C2E-42E4-9C38-CC81EBB89150}.Debug|ARM64.ActiveCfg = Debug|ARM64
		{74C908B9-6C2E-42E4-9C38-CC81EBB89150}.Debug|ARM64.Build.0 = Debug|ARM64
		{74C908B9-6C2E-42E4-9C38-CC81EBB89150}.Debug|x64.ActiveCfg = Debug|x64
		{74C908B9-6C2E-42E4-9C38-CC81EBB89150}.Debug|x64.Build.0 = Debug|x64
		{74C908B9-6C2E-42E4-9C38-CC81EBB89150}.Debug|x86.ActiveCfg = Debug|x86
		{74C908B9-6C2E-42E4-9C38-CC81EBB89150}.Debug|x86.Build.0 = Debug|x86
		{74C908B9-6C2E-42E4-9C38-CC81EBB89150}.Release|ARM.ActiveCfg = Release|ARM
		{74C908B9-6C2E-42E4-9C38-CC81EBB89150}.Release|ARM.Build.0 = Release|ARM
		{74C908B9-6C2E-42E4-9C38-CC81EBB89150}.Release|ARM64.ActiveCfg = Release|ARM64
		{74C908B9-6C2E-42E4-9C38-CC81EBB89150}.Release|ARM64.Build.0 = Release|ARM64
		{74C908B9-6C2E-42E4-9C38-CC81EBB89150}.Release|x64.ActiveCfg = Release|x64
		{74C908B9-6C2E-42E4-9C38-CC81EBB89150}.Release|x64.Build.0 = Release|x64
		{74C908B9-6C2E-42E4-9C38-CC81EBB89150}.Release|x86.ActiveCfg = Release|x86
		{74C908B9-6C2E-42E4-9C38-CC81EBB89150}.Release|x86.Build.0 = Release|x86
	EndGlobalSection
	GlobalSection(SolutionProperties) = preSolution
		HideSolutionNode = FALSE
	EndGlobalSection
	GlobalSection(ExtensibilityGlobals) = postSolution
		SolutionGuid = {56BE2C82-94D1-4CD1-B4AE-BEE0DADA5397}
	EndGlobalSection
EndGlobal
